github.com/andlabs/libui v0.0.0-20210102053949-fea45b2d5b75 h1:6UCHWvmCs8LYnk3yBdBgCikBaHnv5ftNl6Ufsrr7LB4=
github.com/andlabs/libui v0.0.0-20210102053949-fea45b2d5b75/go.mod h1:/OYHvSOuHJ1Sq55PCkCjPvMkoznF1Z8ptXbhOkKKFlA=
github.com/andlabs/ui v0.0.0-20200610043537-70a69d6ae31e h1:wSQCJiig/QkoUnpvelSPbLiZNWvh2yMqQTQvIQqSUkU=
github.com/andlabs/ui v0.0.0-20200610043537-70a69d6ae31e/go.mod h1:5G2EjwzgZUPnnReoKvPWVneT8APYbyKkihDVAHUi0II=
github.com/billyquith/libui-cpp v0.0.0-20190211110619-4a83c44e01bd h1:E9OW5W4Dx9wK+LTSccvQ7Fw8+M5x2MgVs7SPcWvHYG0=
github.com/billyquith/libui-cpp v0.0.0-20190211110619-4a83c44e01bd/go.mod h1:hfEzimdPW2BSODESy1Y/skWz1FEh8tcuKCHUrmUoHiA=
